<?xml version="1.0" encoding="utf-8"?>
<Project ToolsVersion="4.0" xmlns="http://schemas.microsoft.com/developer/msbuild/2003">
  <ItemGroup>
    <Filter Include="Source Files">
      <UniqueIdentifier>{4FC737F1-C7A5-4376-A066-2A32D752A2FF}</UniqueIdentifier>
      <Extensions>cpp;c;cc;cxx;def;odl;idl;hpj;bat;asm;asmx</Extensions>
    </Filter>
    <Filter Include="Header Files">
      <UniqueIdentifier>{93995380-89BD-4b04-88EB-625FBE52EBFB}</UniqueIdentifier>
      <Extensions>h;hh;hpp;hxx;hm;inl;inc;xsd</Extensions>
    </Filter>
    <Filter Include="Resource Files">
      <UniqueIdentifier>{67DA6AB6-F800-4c08-8B7A-83BB121AAD01}</UniqueIdentifier>
      <Extensions>rc;ico;cur;bmp;dlg;rc2;rct;bin;rgs;gif;jpg;jpeg;jpe;resx;tiff;tif;png;wav;mfcribbon-ms</Extensions>
    </Filter>
  </ItemGroup>
  <ItemGroup>
    <ClCompile Include="Standardization.cpp">
      <Filter>Source Files</Filter>
    </ClCompile>
    <ClCompile Include="TransformCxCyDensity.cpp">
      <Filter>Source Files</Filter>
    </ClCompile>
    <ClCompile Include="BLOB_Operations\BLOB.cpp">
      <Filter>Source Files</Filter>
    </ClCompile>
    <ClCompile Include="BLOB_Operations\BLOB_Operations.cpp">
      <Filter>Source Files</Filter>
    </ClCompile>
    <ClCompile Include="BLOB_Operations\BLOB_Window.cpp">
      <Filter>Source Files</Filter>
    </ClCompile>
    <ClCompile Include="HE_Staining\HE_Classifier.cpp">
      <Filter>Source Files</Filter>
    </ClCompile>
    <ClCompile Include="HoughTransform\AveragedEllipseParameters.cpp">
      <Filter>Source Files</Filter>
    </ClCompile>
    <ClCompile Include="HoughTransform\Ellipse.cpp">
      <Filter>Source Files</Filter>
    </ClCompile>
    <ClCompile Include="HoughTransform\Line.cpp">
      <Filter>Source Files</Filter>
    </ClCompile>
    <ClCompile Include="HoughTransform\LocationCell.cpp">
      <Filter>Source Files</Filter>
    </ClCompile>
    <ClCompile Include="HoughTransform\PointCollection.cpp">
      <Filter>Source Files</Filter>
    </ClCompile>
    <ClCompile Include="HoughTransform\RandomizedHoughTransform.cpp">
      <Filter>Source Files</Filter>
    </ClCompile>
    <ClCompile Include="HoughTransform\TreeAccumulator.cpp">
      <Filter>Source Files</Filter>
    </ClCompile>
    <ClCompile Include="HoughTransform\WindowedTripletDetector.cpp">
      <Filter>Source Files</Filter>
    </ClCompile>
    <ClCompile Include="HSD\BackgroundMask.cpp">
      <Filter>Source Files</Filter>
    </ClCompile>
    <ClCompile Include="HSD\HSD_Model.cpp">
      <Filter>Source Files</Filter>
    </ClCompile>
    <ClCompile Include="HSD\Transformations.cpp">
      <Filter>Source Files</Filter>
    </ClCompile>
    <ClCompile Include="IO\CommandLineInterface.cpp">
      <Filter>Source Files</Filter>
    </ClCompile>
    <ClCompile Include="IO\Logging\LogHandler.cpp">
      <Filter>Source Files</Filter>
    </ClCompile>
    <ClCompile Include="IO\Logging\LogLevel.cpp">
      <Filter>Source Files</Filter>
    </ClCompile>
    <ClCompile Include="CxCyWeights.cpp">
      <Filter>Source Files</Filter>
    </ClCompile>
    <ClCompile Include="LevelReading.cpp">
      <Filter>Source Files</Filter>
    </ClCompile>
    <ClCompile Include="MaskGeneration.cpp">
      <Filter>Source Files</Filter>
    </ClCompile>
    <ClCompile Include="MiscFunctionality.cpp">
      <Filter>Source Files</Filter>
    </ClCompile>
    <ClCompile Include="MiscMatrixOperations.cpp">
      <Filter>Source Files</Filter>
    </ClCompile>
    <ClCompile Include="PixelClassificationHE.cpp">
      <Filter>Source Files</Filter>
    </ClCompile>
    <ClCompile Include="Main.cpp">
      <Filter>Source Files</Filter>
    </ClCompile>
    <ClCompile Include="SlideStandardizationCLI.cpp">
      <Filter>Source Files</Filter>
    </ClCompile>
  </ItemGroup>
  <ItemGroup>
    <ClInclude Include="TransformCxCyDensity.h">
      <Filter>Header Files</Filter>
    </ClInclude>
    <ClInclude Include="BLOB_Operations\BLOB.h">
      <Filter>Header Files</Filter>
    </ClInclude>
    <ClInclude Include="BLOB_Operations\BLOB_Operations.h">
      <Filter>Header Files</Filter>
    </ClInclude>
    <ClInclude Include="BLOB_Operations\BLOB_Window.h">
      <Filter>Header Files</Filter>
    </ClInclude>
    <ClInclude Include="HE_Staining\HE_Classifier.h">
      <Filter>Header Files</Filter>
    </ClInclude>
    <ClInclude Include="HoughTransform\AveragedEllipseParameters.h">
      <Filter>Header Files</Filter>
    </ClInclude>
    <ClInclude Include="HoughTransform\Ellipse.h">
      <Filter>Header Files</Filter>
    </ClInclude>
    <ClInclude Include="HoughTransform\IAccumulator.h">
      <Filter>Header Files</Filter>
    </ClInclude>
    <ClInclude Include="HoughTransform\Line.h">
      <Filter>Header Files</Filter>
    </ClInclude>
    <ClInclude Include="HoughTransform\LocationCell.h">
      <Filter>Header Files</Filter>
    </ClInclude>
    <ClInclude Include="HoughTransform\PointCollection.h">
      <Filter>Header Files</Filter>
    </ClInclude>
    <ClInclude Include="HoughTransform\RandomizedHoughTransform.h">
      <Filter>Header Files</Filter>
    </ClInclude>
    <ClInclude Include="HoughTransform\TreeAccumulator.h">
      <Filter>Header Files</Filter>
    </ClInclude>
    <ClInclude Include="HoughTransform\WindowedTripletDetector.h">
      <Filter>Header Files</Filter>
    </ClInclude>
    <ClInclude Include="HSD\BackgroundMask.h">
      <Filter>Header Files</Filter>
    </ClInclude>
    <ClInclude Include="HSD\HSD_Model.h">
      <Filter>Header Files</Filter>
    </ClInclude>
    <ClInclude Include="HSD\Transformations.h">
      <Filter>Header Files</Filter>
    </ClInclude>
    <ClInclude Include="IO\CommandLineInterface.h">
      <Filter>Header Files</Filter>
    </ClInclude>
    <ClInclude Include="IO\Logging\LogHandler.h">
      <Filter>Header Files</Filter>
    </ClInclude>
    <ClInclude Include="IO\Logging\LogLevel.h">
      <Filter>Header Files</Filter>
    </ClInclude>
    <ClInclude Include="CxCyWeights.h">
      <Filter>Header Files</Filter>
    </ClInclude>
    <ClInclude Include="LevelReading.h">
      <Filter>Header Files</Filter>
    </ClInclude>
    <ClInclude Include="MaskGeneration.h">
      <Filter>Header Files</Filter>
    </ClInclude>
    <ClInclude Include="MiscFunctionality.h">
      <Filter>Header Files</Filter>
    </ClInclude>
    <ClInclude Include="MiscMatrixOperations.h">
      <Filter>Header Files</Filter>
    </ClInclude>
    <ClInclude Include="PixelClassificationHE.h">
      <Filter>Header Files</Filter>
    </ClInclude>
    <ClInclude Include="SlideStandardizationCLI.h">
      <Filter>Header Files</Filter>
    </ClInclude>
    <ClInclude Include="Standardization.h">
      <Filter>Header Files</Filter>
    </ClInclude>
  </ItemGroup>
</Project>